
Microsoft Visual Studio Solution File, Format Version 12.00
# Visual Studio Version 17
VisualStudioVersion = 17.3.32819.101
MinimumVisualStudioVersion = 10.0.40219.1
Project("{FAE04EC0-301F-11D3-BF4B-00C04F79EFBC}") = "ReservSystem", "ReservSystem.csproj", "{CD00F1FE-15BE-4AFA-9518-62C5A751AB83}"
EndProject
Global
	GlobalSection(SolutionConfigurationPlatforms) = preSolution
		Debug|Any CPU = Debug|Any CPU
		Release|Any CPU = Release|Any CPU
	EndGlobalSection
	GlobalSection(ProjectConfigurationPlatforms) = postSolution
		{CD00F1FE-15BE-4AFA-9518-62C5A751AB83}.Debug|Any CPU.ActiveCfg = Debug|Any CPU
		{CD00F1FE-15BE-4AFA-9518-62C5A751AB83}.Debug|Any CPU.Build.0 = Debug|Any CPU
		{CD00F1FE-15BE-4AFA-9518-62C5A751AB83}.Release|Any CPU.ActiveCfg = Release|Any CPU
		{CD00F1FE-15BE-4AFA-9518-62C5A751AB83}.Release|Any CPU.Build.0 = Release|Any CPU
	EndGlobalSection
	GlobalSection(SolutionProperties) = preSolution
		HideSolutionNode = FALSE
	EndGlobalSection
	GlobalSection(ExtensibilityGlobals) = postSolution
		SolutionGuid = {C6D489DC-D5C6-4109-BE4F-6E3224DC9105}
	EndGlobalSection
EndGlobal
